# THIS IS AN AUTOGENERATED FILE. DO NOT EDIT THIS FILE DIRECTLY.
# yarn lockfile v1


big.js@^6.1.1:
  version "6.1.1"
  resolved "https://registry.yarnpkg.com/big.js/-/big.js-6.1.1.tgz#63b35b19dc9775c94991ee5db7694880655d5537"
  integrity sha512-1vObw81a8ylZO5ePrtMay0n018TcftpTA5HFKDaSuiUDBo8biRBtjIobw60OpwuvrGk+FsxKamqN4cnmj/eXdg==

graphql.js@^0.6.7:
  version "0.6.7"
  resolved "https://registry.yarnpkg.com/graphql.js/-/graphql.js-0.6.7.tgz#e76e6fe36e1c2e1c01a1ff4ae0e690eb8ac3798c"
  integrity sha512-pGODcTc9cED1XmJ5xbhBIFlq0tx4VFoiBQ+FmQNKm4iNpCKInCQIc1sYeQSC4Co+Da9pCoUmJK8bUXANBMLgKg==

toad-scheduler@^1.5.0:
  version "1.5.0"
  resolved "https://registry.yarnpkg.com/toad-scheduler/-/toad-scheduler-1.5.0.tgz#a7a69b1d1a8d1067868b8e76b3af7909bf347346"
  integrity sha512-jzvrk3gmqHn+twYZTPhdHO2xbLqY3jdhtY/VPQxi/G1VrnwzpWDSHTOHS3x3yFBVNZW3YmUHTGHPfSf2b6iQMg==
